// !$*UTF8*$!
{
	archiveVersion = 1;
	classes = {
	};
	objectVersion = 46;
	objects = {

/* Begin PBXBuildFile section */
		0FC033F01782F147009AB73B /* UIKit.framework in Frameworks */ = {isa = PBXBuildFile; fileRef = 0FC033EF1782F147009AB73B /* UIKit.framework */; };
		0FC033F21782F147009AB73B /* Foundation.framework in Frameworks */ = {isa = PBXBuildFile; fileRef = 0FC033F11782F147009AB73B /* Foundation.framework */; };
		0FC033F41782F147009AB73B /* CoreGraphics.framework in Frameworks */ = {isa = PBXBuildFile; fileRef = 0FC033F31782F147009AB73B /* CoreGraphics.framework */; };
		0FC033FA1782F147009AB73B /* InfoPlist.strings in Resources */ = {isa = PBXBuildFile; fileRef = 0FC033F81782F147009AB73B /* InfoPlist.strings */; };
		0FC033FC1782F147009AB73B /* main.m in Sources */ = {isa = PBXBuildFile; fileRef = 0FC033FB1782F147009AB73B /* main.m */; };
		0FC034001782F147009AB73B /* AppDelegate.m in Sources */ = {isa = PBXBuildFile; fileRef = 0FC033FF1782F147009AB73B /* AppDelegate.m */; };
		0FC034021782F147009AB73B /* Default.png in Resources */ = {isa = PBXBuildFile; fileRef = 0FC034011782F147009AB73B /* Default.png */; };
		0FC034041782F147009AB73B /* Default@2x.png in Resources */ = {isa = PBXBuildFile; fileRef = 0FC034031782F147009AB73B /* Default@2x.png */; };
		0FC034061782F147009AB73B /* Default-568h@2x.png in Resources */ = {isa = PBXBuildFile; fileRef = 0FC034051782F147009AB73B /* Default-568h@2x.png */; };
		0FC034091782F147009AB73B /* FirstViewController.m in Sources */ = {isa = PBXBuildFile; fileRef = 0FC034081782F147009AB73B /* FirstViewController.m */; };
		0FC0340B1782F147009AB73B /* first.png in Resources */ = {isa = PBXBuildFile; fileRef = 0FC0340A1782F147009AB73B /* first.png */; };
		0FC0340D1782F147009AB73B /* first@2x.png in Resources */ = {isa = PBXBuildFile; fileRef = 0FC0340C1782F147009AB73B /* first@2x.png */; };
		0FC034121782F147009AB73B /* second.png in Resources */ = {isa = PBXBuildFile; fileRef = 0FC034111782F147009AB73B /* second.png */; };
		0FC034141782F147009AB73B /* second@2x.png in Resources */ = {isa = PBXBuildFile; fileRef = 0FC034131782F147009AB73B /* second@2x.png */; };
		0FC034171782F148009AB73B /* FirstViewController.xib in Resources */ = {isa = PBXBuildFile; fileRef = 0FC034151782F148009AB73B /* FirstViewController.xib */; };
		0FC034231783BFCB009AB73B /* SecondViewController.m in Sources */ = {isa = PBXBuildFile; fileRef = 0FC034211783BFCB009AB73B /* SecondViewController.m */; };
		0FC034241783BFCB009AB73B /* SecondViewController.xib in Resources */ = {isa = PBXBuildFile; fileRef = 0FC034221783BFCB009AB73B /* SecondViewController.xib */; };
/* End PBXBuildFile section */

/* Begin PBXFileReference section */
		0FC033EC1782F147009AB73B /* firsttab.app */ = {isa = PBXFileReference; explicitFileType = wrapper.application; includeInIndex = 0; path = firsttab.app; sourceTree = BUILT_PRODUCTS_DIR; };
		0FC033EF1782F147009AB73B /* UIKit.framework */ = {isa = PBXFileReference; lastKnownFileType = wrapper.framework; name = UIKit.framework; path = System/Library/Frameworks/UIKit.framework; sourceTree = SDKROOT; };
		0FC033F11782F147009AB73B /* Foundation.framework */ = {isa = PBXFileReference; lastKnownFileType = wrapper.framework; name = Foundation.framework; path = System/Library/Frameworks/Foundation.framework; sourceTree = SDKROOT; };
		0FC033F31782F147009AB73B /* CoreGraphics.framework */ = {isa = PBXFileReference; lastKnownFileType = wrapper.framework; name = CoreGraphics.framework; path = System/Library/Frameworks/CoreGraphics.framework; sourceTree = SDKROOT; };
		0FC033F71782F147009AB73B /* firsttab-Info.plist */ = {isa = PBXFileReference; lastKnownFileType = text.plist.xml; path = "firsttab-Info.plist"; sourceTree = "<group>"; };
		0FC033F91782F147009AB73B /* en */ = {isa = PBXFileReference; lastKnownFileType = text.plist.strings; name = en; path = en.lproj/InfoPlist.strings; sourceTree = "<group>"; };
		0FC033FB1782F147009AB73B /* main.m */ = {isa = PBXFileReference; lastKnownFileType = sourcecode.c.objc; path = main.m; sourceTree = "<group>"; };
		0FC033FD1782F147009AB73B /* firsttab-Prefix.pch */ = {isa = PBXFileReference; lastKnownFileType = sourcecode.c.h; path = "firsttab-Prefix.pch"; sourceTree = "<group>"; };
		0FC033FE1782F147009AB73B /* AppDelegate.h */ = {isa = PBXFileReference; lastKnownFileType = sourcecode.c.h; path = AppDelegate.h; sourceTree = "<group>"; };
		0FC033FF1782F147009AB73B /* AppDelegate.m */ = {isa = PBXFileReference; lastKnownFileType = sourcecode.c.objc; path = AppDelegate.m; sourceTree = "<group>"; };
		0FC034011782F147009AB73B /* Default.png */ = {isa = PBXFileReference; lastKnownFileType = image.png; path = Default.png; sourceTree = "<group>"; };
		0FC034031782F147009AB73B /* Default@2x.png */ = {isa = PBXFileReference; lastKnownFileType = image.png; path = "Default@2x.png"; sourceTree = "<group>"; };
		0FC034051782F147009AB73B /* Default-568h@2x.png */ = {isa = PBXFileReference; lastKnownFileType = image.png; path = "Default-568h@2x.png"; sourceTree = "<group>"; };
		0FC034071782F147009AB73B /* FirstViewController.h */ = {isa = PBXFileReference; lastKnownFileType = sourcecode.c.h; path = FirstViewController.h; sourceTree = "<group>"; };
		0FC034081782F147009AB73B /* FirstViewController.m */ = {isa = PBXFileReference; lastKnownFileType = sourcecode.c.objc; path = FirstViewController.m; sourceTree = "<group>"; };
		0FC0340A1782F147009AB73B /* first.png */ = {isa = PBXFileReference; lastKnownFileType = image.png; path = first.png; sourceTree = "<group>"; };
		0FC0340C1782F147009AB73B /* first@2x.png */ = {isa = PBXFileReference; lastKnownFileType = image.png; path = "first@2x.png"; sourceTree = "<group>"; };
		0FC034111782F147009AB73B /* second.png */ = {isa = PBXFileReference; lastKnownFileType = image.png; path = second.png; sourceTree = "<group>"; };
		0FC034131782F147009AB73B /* second@2x.png */ = {isa = PBXFileReference; lastKnownFileType = image.png; path = "second@2x.png"; sourceTree = "<group>"; };
		0FC034161782F148009AB73B /* en */ = {isa = PBXFileReference; lastKnownFileType = file.xib; name = en; path = en.lproj/FirstViewController.xib; sourceTree = "<group>"; };
		0FC034201783BFCB009AB73B /* SecondViewController.h */ = {isa = PBXFileReference; fileEncoding = 4; lastKnownFileType = sourcecode.c.h; name = SecondViewController.h; path = ../SecondViewController.h; sourceTree = "<group>"; };
		0FC034211783BFCB009AB73B /* SecondViewController.m */ = {isa = PBXFileReference; fileEncoding = 4; lastKnownFileType = sourcecode.c.objc; name = SecondViewController.m; path = ../SecondViewController.m; sourceTree = "<group>"; };
		0FC034221783BFCB009AB73B /* SecondViewController.xib */ = {isa = PBXFileReference; fileEncoding = 4; lastKnownFileType = file.xib; name = SecondViewController.xib; path = ../SecondViewController.xib; sourceTree = "<group>"; };
/* End PBXFileReference section */

/* Begin PBXFrameworksBuildPhase section */
		0FC033E91782F147009AB73B /* Frameworks */ = {
			isa = PBXFrameworksBuildPhase;
			buildActionMask = 2147483647;
			files = (
				0FC033F01782F147009AB73B /* UIKit.framework in Frameworks */,
				0FC033F21782F147009AB73B /* Foundation.framework in Frameworks */,
				0FC033F41782F147009AB73B /* CoreGraphics.framework in Frameworks */,
			);
			runOnlyForDeploymentPostprocessing = 0;
		};
/* End PBXFrameworksBuildPhase section */

/* Begin PBXGroup section */
		0FC033E31782F147009AB73B = {
			isa = PBXGroup;
			children = (
				0FC033F51782F147009AB73B /* firsttab */,
				0FC033EE1782F147009AB73B /* Frameworks */,
				0FC033ED1782F147009AB73B /* Products */,
			);
			sourceTree = "<group>";
		};
		0FC033ED1782F147009AB73B /* Products */ = {
			isa = PBXGroup;
			children = (
				0FC033EC1782F147009AB73B /* firsttab.app */,
			);
			name = Products;
			sourceTree = "<group>";
		};
		0FC033EE1782F147009AB73B /* Frameworks */ = {
			isa = PBXGroup;
			children = (
				0FC033EF1782F147009AB73B /* UIKit.framework */,
				0FC033F11782F147009AB73B /* Foundation.framework */,
				0FC033F31782F147009AB73B /* CoreGraphics.framework */,
			);
			name = Frameworks;
			sourceTree = "<group>";
		};
		0FC033F51782F147009AB73B /* firsttab */ = {
			isa = PBXGroup;
			children = (
				0FC033FE1782F147009AB73B /* AppDelegate.h */,
				0FC033FF1782F147009AB73B /* AppDelegate.m */,
				0FC034071782F147009AB73B /* FirstViewController.h */,
				0FC034081782F147009AB73B /* FirstViewController.m */,
				0FC0340A1782F147009AB73B /* first.png */,
				0FC0340C1782F147009AB73B /* first@2x.png */,
				0FC034201783BFCB009AB73B /* SecondViewController.h */,
				0FC034211783BFCB009AB73B /* SecondViewController.m */,
				0FC034221783BFCB009AB73B /* SecondViewController.xib */,
				0FC034111782F147009AB73B /* second.png */,
				0FC034131782F147009AB73B /* second@2x.png */,
				0FC034151782F148009AB73B /* FirstViewController.xib */,
				0FC033F61782F147009AB73B /* Supporting Files */,
			);
			path = firsttab;
			sourceTree = "<group>";
		};
		0FC033F61782F147009AB73B /* Supporting Files */ = {
			isa = PBXGroup;
			children = (
				0FC033F71782F147009AB73B /* firsttab-Info.plist */,
				0FC033F81782F147009AB73B /* InfoPlist.strings */,
				0FC033FB1782F147009AB73B /* main.m */,
				0FC033FD1782F147009AB73B /* firsttab-Prefix.pch */,
				0FC034011782F147009AB73B /* Default.png */,
				0FC034031782F147009AB73B /* Default@2x.png */,
				0FC034051782F147009AB73B /* Default-568h@2x.png */,
			);
			name = "Supporting Files";
			sourceTree = "<group>";
		};
/* End PBXGroup section */

/* Begin PBXNativeTarget section */
		0FC033EB1782F147009AB73B /* firsttab */ = {
			isa = PBXNativeTarget;
			buildConfigurationList = 0FC0341D1782F148009AB73B /* Build configuration list for PBXNativeTarget "firsttab" */;
			buildPhases = (
				0FC033E81782F147009AB73B /* Sources */,
				0FC033E91782F147009AB73B /* Frameworks */,
				0FC033EA1782F147009AB73B /* Resources */,
			);
			buildRules = (
			);
			dependencies = (
			);
			name = firsttab;
			productName = firsttab;
			productReference = 0FC033EC1782F147009AB73B /* firsttab.app */;
			productType = "com.apple.product-type.application";
		};
/* End PBXNativeTarget section */

/* Begin PBXProject section */
		0FC033E41782F147009AB73B /* Project object */ = {
			isa = PBXProject;
			attributes = {
				LastUpgradeCheck = 0460;
				ORGANIZATIONNAME = "CreditEase Wealth Management (Beijing) Co., LTD.";
			};
			buildConfigurationList = 0FC033E71782F147009AB73B /* Build configuration list for PBXProject "firsttab" */;
			compatibilityVersion = "Xcode 3.2";
			developmentRegion = English;
			hasScannedForEncodings = 0;
			knownRegions = (
				en,
			);
			mainGroup = 0FC033E31782F147009AB73B;
			productRefGroup = 0FC033ED1782F147009AB73B /* Products */;
			projectDirPath = "";
			projectRoot = "";
			targets = (
				0FC033EB1782F147009AB73B /* firsttab */,
			);
		};
/* End PBXProject section */

/* Begin PBXResourcesBuildPhase section */
		0FC033EA1782F147009AB73B /* Resources */ = {
			isa = PBXResourcesBuildPhase;
			buildActionMask = 2147483647;
			files = (
				0FC033FA1782F147009AB73B /* InfoPlist.strings in Resources */,
				0FC034021782F147009AB73B /* Default.png in Resources */,
				0FC034041782F147009AB73B /* Default@2x.png in Resources */,
				0FC034061782F147009AB73B /* Default-568h@2x.png in Resources */,
				0FC0340B1782F147009AB73B /* first.png in Resources */,
				0FC0340D1782F147009AB73B /* first@2x.png in Resources */,
				0FC034121782F147009AB73B /* second.png in Resources */,
				0FC034141782F147009AB73B /* second@2x.png in Resources */,
				0FC034171782F148009AB73B /* FirstViewController.xib in Resources */,
				0FC034241783BFCB009AB73B /* SecondViewController.xib in Resources */,
			);
			runOnlyForDeploymentPostprocessing = 0;
		};
/* End PBXResourcesBuildPhase section */

/* Begin PBXSourcesBuildPhase section */
		0FC033E81782F147009AB73B /* Sources */ = {
			isa = PBXSourcesBuildPhase;
			buildActionMask = 2147483647;
			files = (
				0FC033FC1782F147009AB73B /* main.m in Sources */,
				0FC034001782F147009AB73B /* AppDelegate.m in Sources */,
				0FC034091782F147009AB73B /* FirstViewController.m in Sources */,
				0FC034231783BFCB009AB73B /* SecondViewController.m in Sources */,
			);
			runOnlyForDeploymentPostprocessing = 0;
		};
/* End PBXSourcesBuildPhase section */

/* Begin PBXVariantGroup section */
		0FC033F81782F147009AB73B /* InfoPlist.strings */ = {
			isa = PBXVariantGroup;
			children = (
				0FC033F91782F147009AB73B /* en */,
			);
			name = InfoPlist.strings;
			sourceTree = "<group>";
		};
		0FC034151782F148009AB73B /* FirstViewController.xib */ = {
			isa = PBXVariantGroup;
			children = (
				0FC034161782F148009AB73B /* en */,
			);
			name = FirstViewController.xib;
			sourceTree = "<group>";
		};
/* End PBXVariantGroup section */

/* Begin XCBuildConfiguration section */
		0FC0341B1782F148009AB73B /* Debug */ = {
			isa = XCBuildConfiguration;
			buildSettings = {
				ALWAYS_SEARCH_USER_PATHS = NO;
				CLANG_CXX_LANGUAGE_STANDARD = "gnu++0x";
				CLANG_CXX_LIBRARY = "libc++";
				CLANG_WARN_CONSTANT_CONVERSION = YES;
				CLANG_WARN_EMPTY_BODY = YES;
				CLANG_WARN_ENUM_CONVERSION = YES;
				CLANG_WARN_INT_CONVERSION = YES;
				CLANG_WARN__DUPLICATE_METHOD_MATCH = YES;
				"CODE_SIGN_IDENTITY[sdk=iphoneos*]" = "iPhone Developer";
				COPY_PHASE_STRIP = NO;
				GCC_C_LANGUAGE_STANDARD = gnu99;
				GCC_DYNAMIC_NO_PIC = NO;
				GCC_OPTIMIZATION_LEVEL = 0;
				GCC_PREPROCESSOR_DEFINITIONS = (
					"DEBUG=1",
					"$(inherited)",
				);
				GCC_SYMBOLS_PRIVATE_EXTERN = NO;
				GCC_WARN_ABOUT_RETURN_TYPE = YES;
				GCC_WARN_UNINITIALIZED_AUTOS = YES;
				GCC_WARN_UNUSED_VARIABLE = YES;
				IPHONEOS_DEPLOYMENT_TARGET = 6.1;
				ONLY_ACTIVE_ARCH = YES;
				SDKROOT = iphoneos;
			};
			name = Debug;
		};
		0FC0341C1782F148009AB73B /* Release */ = {
			isa = XCBuildConfiguration;
			buildSettings = {
				ALWAYS_SEARCH_USER_PATHS = NO;
				CLANG_CXX_LANGUAGE_STANDARD = "gnu++0x";
				CLANG_CXX_LIBRARY = "libc++";
				CLANG_WARN_CONSTANT_CONVERSION = YES;
				CLANG_WARN_EMPTY_BODY = YES;
				CLANG_WARN_ENUM_CONVERSION = YES;
				CLANG_WARN_INT_CONVERSION = YES;
				CLANG_WARN__DUPLICATE_METHOD_MATCH = YES;
				"CODE_SIGN_IDENTITY[sdk=iphoneos*]" = "iPhone Developer";
				COPY_PHASE_STRIP = YES;
				GCC_C_LANGUAGE_STANDARD = gnu99;
				GCC_WARN_ABOUT_RETURN_TYPE = YES;
				GCC_WARN_UNINITIALIZED_AUTOS = YES;
				GCC_WARN_UNUSED_VARIABLE = YES;
				IPHONEOS_DEPLOYMENT_TARGET = 6.1;
				OTHER_CFLAGS = "-DNS_BLOCK_ASSERTIONS=1";
				SDKROOT = iphoneos;
				VALIDATE_PRODUCT = YES;
			};
			name = Release;
		};
		0FC0341E1782F148009AB73B /* Debug */ = {
			isa = XCBuildConfiguration;
			buildSettings = {
				GCC_PRECOMPILE_PREFIX_HEADER = YES;
				GCC_PREFIX_HEADER = "firsttab/firsttab-Prefix.pch";
				INFOPLIST_FILE = "firsttab/firsttab-Info.plist";
				PRODUCT_NAME = "$(TARGET_NAME)";
				WRAPPER_EXTENSION = app;
			};
			name = Debug;
		};
		0FC0341F1782F148009AB73B /* Release */ = {
			isa = XCBuildConfiguration;
			buildSettings = {
				GCC_PRECOMPILE_PREFIX_HEADER = YES;
				GCC_PREFIX_HEADER = "firsttab/firsttab-Prefix.pch";
				INFOPLIST_FILE = "firsttab/firsttab-Info.plist";
				PRODUCT_NAME = "$(TARGET_NAME)";
				WRAPPER_EXTENSION = app;
			};
			name = Release;
		};
/* End XCBuildConfiguration section */

/* Begin XCConfigurationList section */
		0FC033E71782F147009AB73B /* Build configuration list for PBXProject "firsttab" */ = {
			isa = XCConfigurationList;
			buildConfigurations = (
				0FC0341B1782F148009AB73B /* Debug */,
				0FC0341C1782F148009AB73B /* Release */,
			);
			defaultConfigurationIsVisible = 0;
			defaultConfigurationName = Release;
		};
		0FC0341D1782F148009AB73B /* Build configuration list for PBXNativeTarget "firsttab" */ = {
			isa = XCConfigurationList;
			buildConfigurations = (
				0FC0341E1782F148009AB73B /* Debug */,
				0FC0341F1782F148009AB73B /* Release */,
			);
			defaultConfigurationIsVisible = 0;
			defaultConfigurationName = Release;
		};
/* End XCConfigurationList section */
	};
	rootObject = 0FC033E41782F147009AB73B /* Project object */;
}
